
Microsoft Visual Studio Solution File, Format Version 12.00
# Visual Studio Version 16
VisualStudioVersion = 16.0.810.22
MinimumVisualStudioVersion = 10.0.40219.1
Project("{FAE04EC0-301F-11D3-BF4B-00C04F79EFBC}") = "Number_Analyzer", "Number_Analyzer\Number_Analyzer.csproj", "{AF715DE8-FAEC-468A-B7BC-543F5B6C84E4}"
EndProject
Global
	GlobalSection(SolutionConfigurationPlatforms) = preSolution
		Debug|Any CPU = Debug|Any CPU
		Release|Any CPU = Release|Any CPU
	EndGlobalSection
	GlobalSection(ProjectConfigurationPlatforms) = postSolution
		{AF715DE8-FAEC-468A-B7BC-543F5B6C84E4}.Debug|Any CPU.ActiveCfg = Debug|Any CPU
		{AF715DE8-FAEC-468A-B7BC-543F5B6C84E4}.Debug|Any CPU.Build.0 = Debug|Any CPU
		{AF715DE8-FAEC-468A-B7BC-543F5B6C84E4}.Release|Any CPU.ActiveCfg = Release|Any CPU
		{AF715DE8-FAEC-468A-B7BC-543F5B6C84E4}.Release|Any CPU.Build.0 = Release|Any CPU
	EndGlobalSection
	GlobalSection(SolutionProperties) = preSolution
		HideSolutionNode = FALSE
	EndGlobalSection
	GlobalSection(ExtensibilityGlobals) = postSolution
		SolutionGuid = {11D04B7A-164A-42BD-BF9B-9E9ADD0585F7}
	EndGlobalSection
EndGlobal
